
Microsoft Visual Studio Solution File, Format Version 12.00
# Visual Studio Version 17
VisualStudioVersion = 17.0.31903.59
MinimumVisualStudioVersion = 10.0.40219.1
Project("{2150E333-8FDC-42A3-9474-1A3956D46DE8}") = "src", "src", "{F126BC11-D170-4E5B-A6B6-804AA274B852}"
EndProject
Project("{FAE04EC0-301F-11D3-BF4B-00C04F79EFBC}") = "smartcity.org.apis.device.management", "src\smartcity.org.apis.device.management\smartcity.org.apis.device.management.csproj", "{52A17DB4-3F2B-4824-9867-56D4BBAE9439}"
EndProject
Project("{FAE04EC0-301F-11D3-BF4B-00C04F79EFBC}") = "smartcity.org.apis.energy.monitor", "src\smartcity.org.apis.energy.monitor\smartcity.org.apis.energy.monitor.csproj", "{BE605C5D-F3FE-4EC9-821B-B726D47DF6B2}"
EndProject
Project("{FAE04EC0-301F-11D3-BF4B-00C04F79EFBC}") = "smartcity.org.apis.dashboard.api", "src\smartcity.org.apis.dashboard.api\smartcity.org.apis.dashboard.api.csproj", "{40505675-AFCF-4DA4-A782-411CC99C9CED}"
EndProject
Project("{FAE04EC0-301F-11D3-BF4B-00C04F79EFBC}") = "smartcity.org.apis.arch", "src\smartcity.org.apis.arch\smartcity.org.apis.arch.csproj", "{895F8913-4CA8-4305-9B29-1F061376B906}"
EndProject
Global
	GlobalSection(SolutionConfigurationPlatforms) = preSolution
		Debug|Any CPU = Debug|Any CPU
		Release|Any CPU = Release|Any CPU
	EndGlobalSection
	GlobalSection(SolutionProperties) = preSolution
		HideSolutionNode = FALSE
	EndGlobalSection
	GlobalSection(ProjectConfigurationPlatforms) = postSolution
		{52A17DB4-3F2B-4824-9867-56D4BBAE9439}.Debug|Any CPU.ActiveCfg = Debug|Any CPU
		{52A17DB4-3F2B-4824-9867-56D4BBAE9439}.Debug|Any CPU.Build.0 = Debug|Any CPU
		{52A17DB4-3F2B-4824-9867-56D4BBAE9439}.Release|Any CPU.ActiveCfg = Release|Any CPU
		{52A17DB4-3F2B-4824-9867-56D4BBAE9439}.Release|Any CPU.Build.0 = Release|Any CPU
		{BE605C5D-F3FE-4EC9-821B-B726D47DF6B2}.Debug|Any CPU.ActiveCfg = Debug|Any CPU
		{BE605C5D-F3FE-4EC9-821B-B726D47DF6B2}.Debug|Any CPU.Build.0 = Debug|Any CPU
		{BE605C5D-F3FE-4EC9-821B-B726D47DF6B2}.Release|Any CPU.ActiveCfg = Release|Any CPU
		{BE605C5D-F3FE-4EC9-821B-B726D47DF6B2}.Release|Any CPU.Build.0 = Release|Any CPU
		{40505675-AFCF-4DA4-A782-411CC99C9CED}.Debug|Any CPU.ActiveCfg = Debug|Any CPU
		{40505675-AFCF-4DA4-A782-411CC99C9CED}.Debug|Any CPU.Build.0 = Debug|Any CPU
		{40505675-AFCF-4DA4-A782-411CC99C9CED}.Release|Any CPU.ActiveCfg = Release|Any CPU
		{40505675-AFCF-4DA4-A782-411CC99C9CED}.Release|Any CPU.Build.0 = Release|Any CPU
		{895F8913-4CA8-4305-9B29-1F061376B906}.Debug|Any CPU.ActiveCfg = Debug|Any CPU
		{895F8913-4CA8-4305-9B29-1F061376B906}.Debug|Any CPU.Build.0 = Debug|Any CPU
		{895F8913-4CA8-4305-9B29-1F061376B906}.Release|Any CPU.ActiveCfg = Release|Any CPU
		{895F8913-4CA8-4305-9B29-1F061376B906}.Release|Any CPU.Build.0 = Release|Any CPU
	EndGlobalSection
	GlobalSection(NestedProjects) = preSolution
		{52A17DB4-3F2B-4824-9867-56D4BBAE9439} = {F126BC11-D170-4E5B-A6B6-804AA274B852}
		{BE605C5D-F3FE-4EC9-821B-B726D47DF6B2} = {F126BC11-D170-4E5B-A6B6-804AA274B852}
		{40505675-AFCF-4DA4-A782-411CC99C9CED} = {F126BC11-D170-4E5B-A6B6-804AA274B852}
		{895F8913-4CA8-4305-9B29-1F061376B906} = {F126BC11-D170-4E5B-A6B6-804AA274B852}
	EndGlobalSection
EndGlobal
